
Microsoft Visual Studio Solution File, Format Version 12.00
# Visual Studio Version 16
VisualStudioVersion = 16.0.30011.22
MinimumVisualStudioVersion = 10.0.40219.1
Project("{FAE04EC0-301F-11D3-BF4B-00C04F79EFBC}") = "PunkAPITest", "PunkAPITest.csproj", "{0F1FD91A-26D6-4DCF-A2D7-6C15B931B48F}"
EndProject
Project("{2150E333-8FDC-42A3-9474-1A3956D46DE8}") = "Solution Items", "Solution Items", "{628D2E56-76D8-4115-B530-20C7C4CDFC40}"
	ProjectSection(SolutionItems) = preProject
		Readme.md = Readme.md
	EndProjectSection
EndProject
Global
	GlobalSection(SolutionConfigurationPlatforms) = preSolution
		Debug|Any CPU = Debug|Any CPU
		Release|Any CPU = Release|Any CPU
	EndGlobalSection
	GlobalSection(ProjectConfigurationPlatforms) = postSolution
		{0F1FD91A-26D6-4DCF-A2D7-6C15B931B48F}.Debug|Any CPU.ActiveCfg = Debug|Any CPU
		{0F1FD91A-26D6-4DCF-A2D7-6C15B931B48F}.Debug|Any CPU.Build.0 = Debug|Any CPU
		{0F1FD91A-26D6-4DCF-A2D7-6C15B931B48F}.Release|Any CPU.ActiveCfg = Release|Any CPU
		{0F1FD91A-26D6-4DCF-A2D7-6C15B931B48F}.Release|Any CPU.Build.0 = Release|Any CPU
	EndGlobalSection
	GlobalSection(SolutionProperties) = preSolution
		HideSolutionNode = FALSE
	EndGlobalSection
	GlobalSection(ExtensibilityGlobals) = postSolution
		SolutionGuid = {28D8741E-5FA8-427C-AC67-82F6B6E78DAF}
	EndGlobalSection
EndGlobal
